
Microsoft Visual Studio Solution File, Format Version 12.00
# Visual Studio Version 16
VisualStudioVersion = 16.0.31624.102
MinimumVisualStudioVersion = 10.0.40219.1
Project("{FAE04EC0-301F-11D3-BF4B-00C04F79EFBC}") = "BestCarzOfficialComplaints", "BestCarzOfficialComplaints\BestCarzOfficialComplaints.csproj", "{FD4490BB-0A6B-46F2-A66E-3336B58F9BFA}"
EndProject
Global
	GlobalSection(SolutionConfigurationPlatforms) = preSolution
		Debug|Any CPU = Debug|Any CPU
		Release|Any CPU = Release|Any CPU
	EndGlobalSection
	GlobalSection(ProjectConfigurationPlatforms) = postSolution
		{FD4490BB-0A6B-46F2-A66E-3336B58F9BFA}.Debug|Any CPU.ActiveCfg = Debug|Any CPU
		{FD4490BB-0A6B-46F2-A66E-3336B58F9BFA}.Debug|Any CPU.Build.0 = Debug|Any CPU
		{FD4490BB-0A6B-46F2-A66E-3336B58F9BFA}.Release|Any CPU.ActiveCfg = Release|Any CPU
		{FD4490BB-0A6B-46F2-A66E-3336B58F9BFA}.Release|Any CPU.Build.0 = Release|Any CPU
	EndGlobalSection
	GlobalSection(SolutionProperties) = preSolution
		HideSolutionNode = FALSE
	EndGlobalSection
	GlobalSection(ExtensibilityGlobals) = postSolution
		SolutionGuid = {5BD6407A-7343-41C7-9CC6-FED877035EDF}
	EndGlobalSection
EndGlobal
